
Microsoft Visual Studio Solution File, Format Version 12.00
# Visual Studio Version 17
VisualStudioVersion = 17.0.31903.59
MinimumVisualStudioVersion = 10.0.40219.1
Project("{9A19103F-16F7-4668-BE54-9A1E7A4F7556}") = "MyWeatherHub", "MyWeatherHub\MyWeatherHub.csproj", "{B1788528-8C43-4239-A42E-FA4491800AE2}"
EndProject
Project("{9A19103F-16F7-4668-BE54-9A1E7A4F7556}") = "Api", "Api\Api.csproj", "{170DC774-255B-4A7E-835F-B4686A5A21AE}"
EndProject
Global
	GlobalSection(SolutionConfigurationPlatforms) = preSolution
		Debug|Any CPU = Debug|Any CPU
		Release|Any CPU = Release|Any CPU
	EndGlobalSection
	GlobalSection(ProjectConfigurationPlatforms) = postSolution
		{B1788528-8C43-4239-A42E-FA4491800AE2}.Debug|Any CPU.ActiveCfg = Debug|Any CPU
		{B1788528-8C43-4239-A42E-FA4491800AE2}.Debug|Any CPU.Build.0 = Debug|Any CPU
		{B1788528-8C43-4239-A42E-FA4491800AE2}.Release|Any CPU.ActiveCfg = Release|Any CPU
		{B1788528-8C43-4239-A42E-FA4491800AE2}.Release|Any CPU.Build.0 = Release|Any CPU
		{170DC774-255B-4A7E-835F-B4686A5A21AE}.Debug|Any CPU.ActiveCfg = Debug|Any CPU
		{170DC774-255B-4A7E-835F-B4686A5A21AE}.Debug|Any CPU.Build.0 = Debug|Any CPU
		{170DC774-255B-4A7E-835F-B4686A5A21AE}.Release|Any CPU.ActiveCfg = Release|Any CPU
		{170DC774-255B-4A7E-835F-B4686A5A21AE}.Release|Any CPU.Build.0 = Release|Any CPU
	EndGlobalSection
	GlobalSection(SolutionProperties) = preSolution
		HideSolutionNode = FALSE
	EndGlobalSection
	GlobalSection(ExtensibilityGlobals) = postSolution
		SolutionGuid = {CFE6DF03-5079-4051-9B40-CA8BC2460037}
	EndGlobalSection
EndGlobal
